
Microsoft Visual Studio Solution File, Format Version 12.00
# Visual Studio 15
VisualStudioVersion = 15.0.26124.0
MinimumVisualStudioVersion = 15.0.26124.0
Project("{2150E333-8FDC-42A3-9474-1A3956D46DE8}") = "src", "src", "{B6FCE4BB-26FF-4592-8646-2D57EFAA8351}"
EndProject
Project("{FAE04EC0-301F-11D3-BF4B-00C04F79EFBC}") = "Tripod.Framework.DapperExtentions", "src\Tripod.Framework.DapperExtentions\Tripod.Framework.DapperExtentions.csproj", "{566E87C5-23BB-4694-80BE-6ACB85CE629E}"
EndProject
Global
	GlobalSection(SolutionConfigurationPlatforms) = preSolution
		Debug|Any CPU = Debug|Any CPU
		Debug|x64 = Debug|x64
		Debug|x86 = Debug|x86
		Release|Any CPU = Release|Any CPU
		Release|x64 = Release|x64
		Release|x86 = Release|x86
	EndGlobalSection
	GlobalSection(SolutionProperties) = preSolution
		HideSolutionNode = FALSE
	EndGlobalSection
	GlobalSection(ProjectConfigurationPlatforms) = postSolution
		{566E87C5-23BB-4694-80BE-6ACB85CE629E}.Debug|Any CPU.ActiveCfg = Debug|Any CPU
		{566E87C5-23BB-4694-80BE-6ACB85CE629E}.Debug|Any CPU.Build.0 = Debug|Any CPU
		{566E87C5-23BB-4694-80BE-6ACB85CE629E}.Debug|x64.ActiveCfg = Debug|Any CPU
		{566E87C5-23BB-4694-80BE-6ACB85CE629E}.Debug|x64.Build.0 = Debug|Any CPU
		{566E87C5-23BB-4694-80BE-6ACB85CE629E}.Debug|x86.ActiveCfg = Debug|Any CPU
		{566E87C5-23BB-4694-80BE-6ACB85CE629E}.Debug|x86.Build.0 = Debug|Any CPU
		{566E87C5-23BB-4694-80BE-6ACB85CE629E}.Release|Any CPU.ActiveCfg = Release|Any CPU
		{566E87C5-23BB-4694-80BE-6ACB85CE629E}.Release|Any CPU.Build.0 = Release|Any CPU
		{566E87C5-23BB-4694-80BE-6ACB85CE629E}.Release|x64.ActiveCfg = Release|Any CPU
		{566E87C5-23BB-4694-80BE-6ACB85CE629E}.Release|x64.Build.0 = Release|Any CPU
		{566E87C5-23BB-4694-80BE-6ACB85CE629E}.Release|x86.ActiveCfg = Release|Any CPU
		{566E87C5-23BB-4694-80BE-6ACB85CE629E}.Release|x86.Build.0 = Release|Any CPU
	EndGlobalSection
	GlobalSection(NestedProjects) = preSolution
		{566E87C5-23BB-4694-80BE-6ACB85CE629E} = {B6FCE4BB-26FF-4592-8646-2D57EFAA8351}
	EndGlobalSection
EndGlobal
