
Microsoft Visual Studio Solution File, Format Version 12.00
# Visual Studio Version 16
VisualStudioVersion = 16.0.29613.14
MinimumVisualStudioVersion = 15.0.26124.0
Project("{2150E333-8FDC-42A3-9474-1A3956D46DE8}") = "src", "src", "{827ACAA8-371F-4364-B4E9-7EB5430E8580}"
EndProject
Project("{2150E333-8FDC-42A3-9474-1A3956D46DE8}") = "protos", "protos", "{9DD4C67D-9A94-4F3D-880B-783A70D94AE1}"
	ProjectSection(SolutionItems) = preProject
		protos\archive.proto = protos\archive.proto
		protos\archive_dtos.proto = protos\archive_dtos.proto
		protos\common.proto = protos\common.proto
		protos\purchase.proto = protos\purchase.proto
		protos\purchase_dtos.proto = protos\purchase_dtos.proto
		protos\stock.proto = protos\stock.proto
		protos\stock_dtos.proto = protos\stock_dtos.proto
		protos\system.proto = protos\system.proto
		protos\system_dtos.proto = protos\system_dtos.proto
	EndProjectSection
EndProject
Project("{2150E333-8FDC-42A3-9474-1A3956D46DE8}") = "sql", "sql", "{66AA2A30-055F-4AE3-A1BC-61EE18FC50FC}"
EndProject
Project("{2150E333-8FDC-42A3-9474-1A3956D46DE8}") = "Services", "Services", "{52095E91-FB90-42F0-9665-8CE4112D714F}"
EndProject
Project("{2150E333-8FDC-42A3-9474-1A3956D46DE8}") = "Framework", "Framework", "{19346F98-6130-48A2-81A8-E3F0C24762D9}"
EndProject
Project("{2150E333-8FDC-42A3-9474-1A3956D46DE8}") = "ApiGateways", "ApiGateways", "{BA913F1D-617A-465C-B0EC-02151CB2B7A3}"
EndProject
Project("{2150E333-8FDC-42A3-9474-1A3956D46DE8}") = "Archive", "Archive", "{87337627-FD67-4723-96FD-A45A11A79304}"
EndProject
Project("{2150E333-8FDC-42A3-9474-1A3956D46DE8}") = "Purchase", "Purchase", "{8D23358E-7615-4499-9F19-1DA4CADED404}"
EndProject
Project("{2150E333-8FDC-42A3-9474-1A3956D46DE8}") = "Stock", "Stock", "{FAAFC8F6-BF81-433D-BBEB-0622B5271AB4}"
EndProject
Project("{2150E333-8FDC-42A3-9474-1A3956D46DE8}") = "System", "System", "{40D7F88B-6941-4499-943F-088BDEF0F866}"
EndProject
Project("{9A19103F-16F7-4668-BE54-9A1E7A4F7556}") = "Archive.API", "src\Services\Archive\Archive.API\Archive.API.csproj", "{4CC5CFA8-8848-44FA-AAF6-FFFB745A7B80}"
EndProject
Global
	GlobalSection(SolutionConfigurationPlatforms) = preSolution
		Debug|Any CPU = Debug|Any CPU
		Release|Any CPU = Release|Any CPU
	EndGlobalSection
	GlobalSection(ProjectConfigurationPlatforms) = postSolution
		{4CC5CFA8-8848-44FA-AAF6-FFFB745A7B80}.Debug|Any CPU.ActiveCfg = Debug|Any CPU
		{4CC5CFA8-8848-44FA-AAF6-FFFB745A7B80}.Debug|Any CPU.Build.0 = Debug|Any CPU
		{4CC5CFA8-8848-44FA-AAF6-FFFB745A7B80}.Release|Any CPU.ActiveCfg = Release|Any CPU
		{4CC5CFA8-8848-44FA-AAF6-FFFB745A7B80}.Release|Any CPU.Build.0 = Release|Any CPU
	EndGlobalSection
	GlobalSection(SolutionProperties) = preSolution
		HideSolutionNode = FALSE
	EndGlobalSection
	GlobalSection(NestedProjects) = preSolution
		{52095E91-FB90-42F0-9665-8CE4112D714F} = {827ACAA8-371F-4364-B4E9-7EB5430E8580}
		{19346F98-6130-48A2-81A8-E3F0C24762D9} = {827ACAA8-371F-4364-B4E9-7EB5430E8580}
		{BA913F1D-617A-465C-B0EC-02151CB2B7A3} = {827ACAA8-371F-4364-B4E9-7EB5430E8580}
		{87337627-FD67-4723-96FD-A45A11A79304} = {52095E91-FB90-42F0-9665-8CE4112D714F}
		{8D23358E-7615-4499-9F19-1DA4CADED404} = {52095E91-FB90-42F0-9665-8CE4112D714F}
		{FAAFC8F6-BF81-433D-BBEB-0622B5271AB4} = {52095E91-FB90-42F0-9665-8CE4112D714F}
		{40D7F88B-6941-4499-943F-088BDEF0F866} = {52095E91-FB90-42F0-9665-8CE4112D714F}
		{4CC5CFA8-8848-44FA-AAF6-FFFB745A7B80} = {87337627-FD67-4723-96FD-A45A11A79304}
	EndGlobalSection
	GlobalSection(ExtensibilityGlobals) = postSolution
		SolutionGuid = {A4238784-7DEA-420E-8B9A-4678A88338B2}
	EndGlobalSection
EndGlobal
