
Microsoft Visual Studio Solution File, Format Version 12.00
# Visual Studio 15
VisualStudioVersion = 15.0.26124.0
MinimumVisualStudioVersion = 15.0.26124.0
Project("{2150E333-8FDC-42A3-9474-1A3956D46DE8}") = "src", "src", "{827ACAA8-371F-4364-B4E9-7EB5430E8580}"
EndProject
Project("{FAE04EC0-301F-11D3-BF4B-00C04F79EFBC}") = "Tripod.Framework.DapperExtentions", "src\Tripod.Framework.DapperExtentions\Tripod.Framework.DapperExtentions.csproj", "{18BA259E-2697-4C75-9967-72B7D0AE0573}"
EndProject
Project("{FAE04EC0-301F-11D3-BF4B-00C04F79EFBC}") = "Tripod.Service.Stock", "src\Tripod.Service.Stock\Tripod.Service.Stock.csproj", "{BDA078AE-E772-4E29-BD34-FF7B6BD97021}"
EndProject
Project("{FAE04EC0-301F-11D3-BF4B-00C04F79EFBC}") = "Tripod.Service.System", "src\Tripod.Service.System\Tripod.Service.System.csproj", "{D7B4F8EA-8A99-4B36-A139-E02B724FD1A8}"
EndProject
Project("{FAE04EC0-301F-11D3-BF4B-00C04F79EFBC}") = "Tripod.Framework.Common", "src\Tripod.Framework.Common\Tripod.Framework.Common.csproj", "{34FD8857-A12D-44ED-8A60-95E44409BA5B}"
EndProject
Global
	GlobalSection(SolutionConfigurationPlatforms) = preSolution
		Debug|Any CPU = Debug|Any CPU
		Debug|x64 = Debug|x64
		Debug|x86 = Debug|x86
		Release|Any CPU = Release|Any CPU
		Release|x64 = Release|x64
		Release|x86 = Release|x86
	EndGlobalSection
	GlobalSection(SolutionProperties) = preSolution
		HideSolutionNode = FALSE
	EndGlobalSection
	GlobalSection(ProjectConfigurationPlatforms) = postSolution
		{18BA259E-2697-4C75-9967-72B7D0AE0573}.Debug|Any CPU.ActiveCfg = Debug|Any CPU
		{18BA259E-2697-4C75-9967-72B7D0AE0573}.Debug|Any CPU.Build.0 = Debug|Any CPU
		{18BA259E-2697-4C75-9967-72B7D0AE0573}.Debug|x64.ActiveCfg = Debug|Any CPU
		{18BA259E-2697-4C75-9967-72B7D0AE0573}.Debug|x64.Build.0 = Debug|Any CPU
		{18BA259E-2697-4C75-9967-72B7D0AE0573}.Debug|x86.ActiveCfg = Debug|Any CPU
		{18BA259E-2697-4C75-9967-72B7D0AE0573}.Debug|x86.Build.0 = Debug|Any CPU
		{18BA259E-2697-4C75-9967-72B7D0AE0573}.Release|Any CPU.ActiveCfg = Release|Any CPU
		{18BA259E-2697-4C75-9967-72B7D0AE0573}.Release|Any CPU.Build.0 = Release|Any CPU
		{18BA259E-2697-4C75-9967-72B7D0AE0573}.Release|x64.ActiveCfg = Release|Any CPU
		{18BA259E-2697-4C75-9967-72B7D0AE0573}.Release|x64.Build.0 = Release|Any CPU
		{18BA259E-2697-4C75-9967-72B7D0AE0573}.Release|x86.ActiveCfg = Release|Any CPU
		{18BA259E-2697-4C75-9967-72B7D0AE0573}.Release|x86.Build.0 = Release|Any CPU
		{BDA078AE-E772-4E29-BD34-FF7B6BD97021}.Debug|Any CPU.ActiveCfg = Debug|Any CPU
		{BDA078AE-E772-4E29-BD34-FF7B6BD97021}.Debug|Any CPU.Build.0 = Debug|Any CPU
		{BDA078AE-E772-4E29-BD34-FF7B6BD97021}.Debug|x64.ActiveCfg = Debug|Any CPU
		{BDA078AE-E772-4E29-BD34-FF7B6BD97021}.Debug|x64.Build.0 = Debug|Any CPU
		{BDA078AE-E772-4E29-BD34-FF7B6BD97021}.Debug|x86.ActiveCfg = Debug|Any CPU
		{BDA078AE-E772-4E29-BD34-FF7B6BD97021}.Debug|x86.Build.0 = Debug|Any CPU
		{BDA078AE-E772-4E29-BD34-FF7B6BD97021}.Release|Any CPU.ActiveCfg = Release|Any CPU
		{BDA078AE-E772-4E29-BD34-FF7B6BD97021}.Release|Any CPU.Build.0 = Release|Any CPU
		{BDA078AE-E772-4E29-BD34-FF7B6BD97021}.Release|x64.ActiveCfg = Release|Any CPU
		{BDA078AE-E772-4E29-BD34-FF7B6BD97021}.Release|x64.Build.0 = Release|Any CPU
		{BDA078AE-E772-4E29-BD34-FF7B6BD97021}.Release|x86.ActiveCfg = Release|Any CPU
		{BDA078AE-E772-4E29-BD34-FF7B6BD97021}.Release|x86.Build.0 = Release|Any CPU
		{D7B4F8EA-8A99-4B36-A139-E02B724FD1A8}.Debug|Any CPU.ActiveCfg = Debug|Any CPU
		{D7B4F8EA-8A99-4B36-A139-E02B724FD1A8}.Debug|Any CPU.Build.0 = Debug|Any CPU
		{D7B4F8EA-8A99-4B36-A139-E02B724FD1A8}.Debug|x64.ActiveCfg = Debug|Any CPU
		{D7B4F8EA-8A99-4B36-A139-E02B724FD1A8}.Debug|x64.Build.0 = Debug|Any CPU
		{D7B4F8EA-8A99-4B36-A139-E02B724FD1A8}.Debug|x86.ActiveCfg = Debug|Any CPU
		{D7B4F8EA-8A99-4B36-A139-E02B724FD1A8}.Debug|x86.Build.0 = Debug|Any CPU
		{D7B4F8EA-8A99-4B36-A139-E02B724FD1A8}.Release|Any CPU.ActiveCfg = Release|Any CPU
		{D7B4F8EA-8A99-4B36-A139-E02B724FD1A8}.Release|Any CPU.Build.0 = Release|Any CPU
		{D7B4F8EA-8A99-4B36-A139-E02B724FD1A8}.Release|x64.ActiveCfg = Release|Any CPU
		{D7B4F8EA-8A99-4B36-A139-E02B724FD1A8}.Release|x64.Build.0 = Release|Any CPU
		{D7B4F8EA-8A99-4B36-A139-E02B724FD1A8}.Release|x86.ActiveCfg = Release|Any CPU
		{D7B4F8EA-8A99-4B36-A139-E02B724FD1A8}.Release|x86.Build.0 = Release|Any CPU
		{34FD8857-A12D-44ED-8A60-95E44409BA5B}.Debug|Any CPU.ActiveCfg = Debug|Any CPU
		{34FD8857-A12D-44ED-8A60-95E44409BA5B}.Debug|Any CPU.Build.0 = Debug|Any CPU
		{34FD8857-A12D-44ED-8A60-95E44409BA5B}.Debug|x64.ActiveCfg = Debug|Any CPU
		{34FD8857-A12D-44ED-8A60-95E44409BA5B}.Debug|x64.Build.0 = Debug|Any CPU
		{34FD8857-A12D-44ED-8A60-95E44409BA5B}.Debug|x86.ActiveCfg = Debug|Any CPU
		{34FD8857-A12D-44ED-8A60-95E44409BA5B}.Debug|x86.Build.0 = Debug|Any CPU
		{34FD8857-A12D-44ED-8A60-95E44409BA5B}.Release|Any CPU.ActiveCfg = Release|Any CPU
		{34FD8857-A12D-44ED-8A60-95E44409BA5B}.Release|Any CPU.Build.0 = Release|Any CPU
		{34FD8857-A12D-44ED-8A60-95E44409BA5B}.Release|x64.ActiveCfg = Release|Any CPU
		{34FD8857-A12D-44ED-8A60-95E44409BA5B}.Release|x64.Build.0 = Release|Any CPU
		{34FD8857-A12D-44ED-8A60-95E44409BA5B}.Release|x86.ActiveCfg = Release|Any CPU
		{34FD8857-A12D-44ED-8A60-95E44409BA5B}.Release|x86.Build.0 = Release|Any CPU
	EndGlobalSection
	GlobalSection(NestedProjects) = preSolution
		{18BA259E-2697-4C75-9967-72B7D0AE0573} = {827ACAA8-371F-4364-B4E9-7EB5430E8580}
		{BDA078AE-E772-4E29-BD34-FF7B6BD97021} = {827ACAA8-371F-4364-B4E9-7EB5430E8580}
		{D7B4F8EA-8A99-4B36-A139-E02B724FD1A8} = {827ACAA8-371F-4364-B4E9-7EB5430E8580}
		{34FD8857-A12D-44ED-8A60-95E44409BA5B} = {827ACAA8-371F-4364-B4E9-7EB5430E8580}
	EndGlobalSection
EndGlobal
